
Microsoft Visual Studio Solution File, Format Version 12.00
# Visual Studio Express 2012 for Windows Desktop
Project("{FAE04EC0-301F-11D3-BF4B-00C04F79EFBC}") = "ControlMach3", "ControlMach3\ControlMach3.csproj", "{A750CE93-F23D-4C69-921A-C5C9C92E7224}"
EndProject
Global
	GlobalSection(SolutionConfigurationPlatforms) = preSolution
		Debug|Any CPU = Debug|Any CPU
		Release|Any CPU = Release|Any CPU
	EndGlobalSection
	GlobalSection(ProjectConfigurationPlatforms) = postSolution
		{A750CE93-F23D-4C69-921A-C5C9C92E7224}.Debug|Any CPU.ActiveCfg = Debug|Any CPU
		{A750CE93-F23D-4C69-921A-C5C9C92E7224}.Debug|Any CPU.Build.0 = Debug|Any CPU
		{A750CE93-F23D-4C69-921A-C5C9C92E7224}.Release|Any CPU.ActiveCfg = Release|Any CPU
		{A750CE93-F23D-4C69-921A-C5C9C92E7224}.Release|Any CPU.Build.0 = Release|Any CPU
	EndGlobalSection
	GlobalSection(SolutionProperties) = preSolution
		HideSolutionNode = FALSE
	EndGlobalSection
EndGlobal
